{
  "object": {
    "pins": [
      {
        "package": "Player",
        "repositoryURL": "https://github.com/esansalv/Player.git",
        "state": {
          "branch": null,
          "revision": "64d5c0bab16586191de5f2c14ed9378de86fb001",
          "version": "0.4.1"
        }
      }
    ]
  },
  "version": 1
}
